{
  "nodes": {
    "nixpkgs": {
      "locked": {
        "lastModified": 1791179034,
        "narHash": "sha256-Ni0LBydzaCi8oek12r4mVreuFHqYlM1eTD6SfiENKfw=",
        "owner": "NixOS",
        "repo": "nixpkgs",
        "rev": "494ce7fd23ff6a5dff39e1fb11e9b6f2ac74bf25",
        "type": "github"
      },
      "original": {
        "owner": "NixOS",
        "ref": "nixos-unstable",
        "repo": "nixpkgs",
        "type": "github"
      }
    },
    "root": {
      "inputs": {
        "nixpkgs": "nixpkgs",
        "zfskit": "zfskit"
      }
    },
    "zfskit": {
      "flake": false,
      "locked": {
        "lastModified": 1791246229,
        "narHash": "sha256-f5eWap+wQdPV+fkT1YgJIFFkn6Uw88RaG7yd0Cny1tU=",
        "owner": "okhsunrog",
        "repo": "zfskit",
        "rev": "6389c1be98b7721eec9858cc4916cb866d09d5c2",
        "type": "github"
      },
      "original": {
        "owner": "okhsunrog",
        "repo": "zfskit",
        "rev": "6389c1be98b7721eec9858cc4916cb866d09d5c2",
        "type": "github"
      }
    }
  },
  "root": "root",
  "version": 7
}
